buf.build/gen/go/redpandadata/common/protocolbuffers/go v1.34.2-20240917150400-3f349e63f44a.2 h1:JyGBchZNUPlQ7/qjieeKq/Cy+/i1vc0H+cIniGZNSFg=
buf.build/gen/go/redpandadata/common/protocolbuffers/go v1.34.2-20240917150400-3f349e63f44a.2/go.mod h1:wThyg02xJx4K/DA5fg0QlKts8XVPyTT86JC8hPfEzno=
connectrpc.com/connect v1.18.1 h1:PAg7CjSAGvscaf6YZKUefjoih5Z/qYkyaTrBW8xvYPw=
connectrpc.com/connect v1.18.1/go.mod h1:0292hj1rnx8oFrStN7cB4jjVBeqs+Yx5yDIC2prWDO8=
github.com/google/jsonschema-go v0.4.2 h1:tmrUohrwoLZZS/P3x7ex0WAVknEkBZM46iALbcqoRA8=
github.com/google/jsonschema-go v0.4.2/go.mod h1:r5quNTdLOYEz95Ru18zA0ydNbBuYoo9tgaYcxEYhJVE=
github.com/google/uuid v1.6.0 h1:NIvaJDMOsjHA8n1jAhLSgzrAzy1Hgr+hNrb57e+94F0=
github.com/google/uuid v1.6.0/go.mod h1:TIyPZe4MgqvfeYDBFedMoGGpEw/LqOeaOT+nhxU+yHo=
github.com/mark3labs/mcp-go v0.46.0 h1:8KRibF4wcKejbLsHxCA/QBVUr5fQ9nwz/n8lGqmaALo=
github.com/mark3labs/mcp-go v0.46.0/go.mod h1:JKTC7R2LLVagkEWK7Kwu7DbmA6iIvnNAod6yrHiQMag=
github.com/redpanda-data/common-go/api v0.0.0-20250801174835-9eea07f1ea06 h1:9Ecc+Cg1EyqSTIQ6wQKoKk8BqDlBQmR74bJui4qIqsM=
github.com/redpanda-data/common-go/api v0.0.0-20250801174835-9eea07f1ea06/go.mod h1:klAmWfc8Q3hEZk8geFTMu6f2sk3VUKRS7cv/LvB05ig=
github.com/redpanda-data/protoc-gen-go-mcp v0.0.0-20260323112146-887f275039cd h1:RZXm4nB1n10V7x32FNC2tds0D7ABh9gvIpLkYcf4eak=
github.com/redpanda-data/protoc-gen-go-mcp v0.0.0-20260323112146-887f275039cd/go.mod h1:2mTViG4Bo92JvNmyW1MgwCWReVMhjNqRQrQjmXM+DFM=
github.com/spf13/cast v1.7.1 h1:cuNEagBQEHWN1FnbGEjCXL2szYEXqfJPbP2HNUaca9Y=
github.com/spf13/cast v1.7.1/go.mod h1:ancEpBxwJDODSW/UG4rDrAqiKolqNNh2DX3mk86cAdo=
github.com/yosida95/uritemplate/v3 v3.0.2 h1:Ed3Oyj9yrmi9087+NczuL5BwkIc4wvTb5zIM+UJPGz4=
github.com/yosida95/uritemplate/v3 v3.0.2/go.mod h1:ILOh0sOhIJR3+L/8afwt/kE++YT040gmv5BQTMR2HP4=
golang.org/x/net v0.49.0 h1:eeHFmOGUTtaaPSGNmjBKpbng9MulQsJURQUAfUwY++o=
golang.org/x/net v0.49.0/go.mod h1:/ysNB2EvaqvesRkuLAyjI1ycPZlQHM3q01F02UY/MV8=
golang.org/x/sys v0.40.0 h1:DBZZqJ2Rkml6QMQsZywtnjnnGvHza6BTfYFWY9kjEWQ=
golang.org/x/sys v0.40.0/go.mod h1:OgkHotnGiDImocRcuBABYBEXf8A9a87e/uXjp9XT3ks=
golang.org/x/text v0.33.0 h1:B3njUFyqtHDUI5jMn1YIr5B0IE2U0qck04r6d4KPAxE=
golang.org/x/text v0.33.0/go.mod h1:LuMebE6+rBincTi9+xWTY8TztLzKHc/9C1uBCG27+q8=
google.golang.org/genproto/googleapis/api v0.0.0-20260120221211-b8f7ae30c516 h1:vmC/ws+pLzWjj/gzApyoZuSVrDtF1aod4u/+bbj8hgM=
google.golang.org/genproto/googleapis/api v0.0.0-20260120221211-b8f7ae30c516/go.mod h1:p3MLuOwURrGBRoEyFHBT3GjUwaCQVKeNqqWxlcISGdw=
google.golang.org/genproto/googleapis/rpc v0.0.0-20260120221211-b8f7ae30c516 h1:sNrWoksmOyF5bvJUcnmbeAmQi8baNhqg5IWaI3llQqU=
google.golang.org/genproto/googleapis/rpc v0.0.0-20260120221211-b8f7ae30c516/go.mod h1:j9x/tPzZkyxcgEFkiKEEGxfvyumM01BEtsW8xzOahRQ=
google.golang.org/grpc v1.80.0 h1:Xr6m2WmWZLETvUNvIUmeD5OAagMw3FiKmMlTdViWsHM=
google.golang.org/grpc v1.80.0/go.mod h1:ho/dLnxwi3EDJA4Zghp7k2Ec1+c2jqup0bFkw07bwF4=
google.golang.org/protobuf v1.36.11 h1:fV6ZwhNocDyBLK0dj+fg8ektcVegBBuEolpbTQyBNVE=
google.golang.org/protobuf v1.36.11/go.mod h1:HTf+CrKn2C3g5S8VImy6tdcUvCska2kB7j23XfzDpco=
